
Microsoft Visual Studio Solution File, Format Version 12.00
# Visual Studio Version 16
VisualStudioVersion = 25.0.1700.0
MinimumVisualStudioVersion = 10.0.40219.1
Project("{FAE04EC0-301F-11D3-BF4B-00C04F79EFBC}") = "CSharpShop", "CSharpShop\CSharpShop.csproj", "{504AFED2-D27B-4A15-BBF2-D3921D4E8B2D}"
EndProject
Global
	GlobalSection(SolutionConfigurationPlatforms) = preSolution
		Debug|Any CPU = Debug|Any CPU
		Release|Any CPU = Release|Any CPU
	EndGlobalSection
	GlobalSection(ProjectConfigurationPlatforms) = postSolution
		{504AFED2-D27B-4A15-BBF2-D3921D4E8B2D}.Debug|Any CPU.ActiveCfg = Debug|Any CPU
		{504AFED2-D27B-4A15-BBF2-D3921D4E8B2D}.Debug|Any CPU.Build.0 = Debug|Any CPU
		{504AFED2-D27B-4A15-BBF2-D3921D4E8B2D}.Release|Any CPU.ActiveCfg = Release|Any CPU
		{504AFED2-D27B-4A15-BBF2-D3921D4E8B2D}.Release|Any CPU.Build.0 = Release|Any CPU
	EndGlobalSection
	GlobalSection(SolutionProperties) = preSolution
		HideSolutionNode = FALSE
	EndGlobalSection
	GlobalSection(ExtensibilityGlobals) = postSolution
		SolutionGuid = {FB5D77BF-2545-434E-BC10-7A1616CC4D41}
	EndGlobalSection
EndGlobal
